
Microsoft Visual Studio Solution File, Format Version 12.00
# Visual Studio Version 17
VisualStudioVersion = 17.11.35222.181
MinimumVisualStudioVersion = 10.0.40219.1
Project("{FAE04EC0-301F-11D3-BF4B-00C04F79EFBC}") = "ApiProject.EntityLayer", "ApiProject.EntityLayer\ApiProject.EntityLayer.csproj", "{B52579CA-1292-45E6-82AC-9C0AEE82903E}"
EndProject
Project("{FAE04EC0-301F-11D3-BF4B-00C04F79EFBC}") = "ApiProject.DataAccessLayer", "ApiProject.DataAccessLayer\ApiProject.DataAccessLayer.csproj", "{E91C8CD8-E526-4A4E-AB0F-8E13B0D1BD6C}"
EndProject
Project("{FAE04EC0-301F-11D3-BF4B-00C04F79EFBC}") = "ApiProject.BusinessLayer", "ApiProject.BusinessLayer\ApiProject.BusinessLayer.csproj", "{2E500B70-27D2-4A94-B0E6-648731D099B1}"
EndProject
Project("{FAE04EC0-301F-11D3-BF4B-00C04F79EFBC}") = "ApiProject.WebApi", "ApiProject.WebApi\ApiProject.WebApi.csproj", "{73260025-0CA5-4585-96FF-CF8400065921}"
EndProject
Global
	GlobalSection(SolutionConfigurationPlatforms) = preSolution
		Debug|Any CPU = Debug|Any CPU
		Release|Any CPU = Release|Any CPU
	EndGlobalSection
	GlobalSection(ProjectConfigurationPlatforms) = postSolution
		{B52579CA-1292-45E6-82AC-9C0AEE82903E}.Debug|Any CPU.ActiveCfg = Debug|Any CPU
		{B52579CA-1292-45E6-82AC-9C0AEE82903E}.Debug|Any CPU.Build.0 = Debug|Any CPU
		{B52579CA-1292-45E6-82AC-9C0AEE82903E}.Release|Any CPU.ActiveCfg = Release|Any CPU
		{B52579CA-1292-45E6-82AC-9C0AEE82903E}.Release|Any CPU.Build.0 = Release|Any CPU
		{E91C8CD8-E526-4A4E-AB0F-8E13B0D1BD6C}.Debug|Any CPU.ActiveCfg = Debug|Any CPU
		{E91C8CD8-E526-4A4E-AB0F-8E13B0D1BD6C}.Debug|Any CPU.Build.0 = Debug|Any CPU
		{E91C8CD8-E526-4A4E-AB0F-8E13B0D1BD6C}.Release|Any CPU.ActiveCfg = Release|Any CPU
		{E91C8CD8-E526-4A4E-AB0F-8E13B0D1BD6C}.Release|Any CPU.Build.0 = Release|Any CPU
		{2E500B70-27D2-4A94-B0E6-648731D099B1}.Debug|Any CPU.ActiveCfg = Debug|Any CPU
		{2E500B70-27D2-4A94-B0E6-648731D099B1}.Debug|Any CPU.Build.0 = Debug|Any CPU
		{2E500B70-27D2-4A94-B0E6-648731D099B1}.Release|Any CPU.ActiveCfg = Release|Any CPU
		{2E500B70-27D2-4A94-B0E6-648731D099B1}.Release|Any CPU.Build.0 = Release|Any CPU
		{73260025-0CA5-4585-96FF-CF8400065921}.Debug|Any CPU.ActiveCfg = Debug|Any CPU
		{73260025-0CA5-4585-96FF-CF8400065921}.Debug|Any CPU.Build.0 = Debug|Any CPU
		{73260025-0CA5-4585-96FF-CF8400065921}.Release|Any CPU.ActiveCfg = Release|Any CPU
		{73260025-0CA5-4585-96FF-CF8400065921}.Release|Any CPU.Build.0 = Release|Any CPU
	EndGlobalSection
	GlobalSection(SolutionProperties) = preSolution
		HideSolutionNode = FALSE
	EndGlobalSection
	GlobalSection(ExtensibilityGlobals) = postSolution
		SolutionGuid = {5B738DAF-8526-4054-8F25-CCE28FB61A47}
	EndGlobalSection
EndGlobal
